// !$*UTF8*$!
{
	archiveVersion = 1;
	classes = {
	};
	objectVersion = 46;
	objects = {

/* Begin PBXBuildFile section */
		D480466119251FCC00557A4F /* ImageManager.m in Sources */ = {isa = PBXBuildFile; fileRef = D480466019251FCC00557A4F /* ImageManager.m */; };
		D4FFAC831926655C00FD496F /* base_image.jpg in Resources */ = {isa = PBXBuildFile; fileRef = D4FFAC821926655C00FD496F /* base_image.jpg */; };
		E5223E84191AB300005E8476 /* FeatureAPI.m in Sources */ = {isa = PBXBuildFile; fileRef = E5223E83191AB300005E8476 /* FeatureAPI.m */; };
		E5223E8A191AB345005E8476 /* AddVideosModel.m in Sources */ = {isa = PBXBuildFile; fileRef = E5223E89191AB345005E8476 /* AddVideosModel.m */; };
		E5223E8D191AB355005E8476 /* AddContactsModel.m in Sources */ = {isa = PBXBuildFile; fileRef = E5223E8C191AB355005E8476 /* AddContactsModel.m */; };
		E5494B4018A97F6C00402250 /* Foundation.framework in Frameworks */ = {isa = PBXBuildFile; fileRef = E5494B3F18A97F6C00402250 /* Foundation.framework */; };
		E5494B4218A97F6C00402250 /* CoreGraphics.framework in Frameworks */ = {isa = PBXBuildFile; fileRef = E5494B4118A97F6C00402250 /* CoreGraphics.framework */; };
		E5494B4418A97F6C00402250 /* UIKit.framework in Frameworks */ = {isa = PBXBuildFile; fileRef = E5494B4318A97F6C00402250 /* UIKit.framework */; };
		E5494B4A18A97F6C00402250 /* InfoPlist.strings in Resources */ = {isa = PBXBuildFile; fileRef = E5494B4818A97F6C00402250 /* InfoPlist.strings */; };
		E5494B4C18A97F6C00402250 /* main.m in Sources */ = {isa = PBXBuildFile; fileRef = E5494B4B18A97F6C00402250 /* main.m */; };
		E5494B5018A97F6C00402250 /* AppDelegate.m in Sources */ = {isa = PBXBuildFile; fileRef = E5494B4F18A97F6C00402250 /* AppDelegate.m */; };
		E5494B5618A97F6C00402250 /* AddContactsViewController.m in Sources */ = {isa = PBXBuildFile; fileRef = E5494B5518A97F6C00402250 /* AddContactsViewController.m */; };
		E5494B5818A97F6C00402250 /* Images.xcassets in Resources */ = {isa = PBXBuildFile; fileRef = E5494B5718A97F6C00402250 /* Images.xcassets */; };
		E5494B6018A97F6C00402250 /* Foundation.framework in Frameworks */ = {isa = PBXBuildFile; fileRef = E5494B3F18A97F6C00402250 /* Foundation.framework */; };
		E5494B6118A97F6C00402250 /* UIKit.framework in Frameworks */ = {isa = PBXBuildFile; fileRef = E5494B4318A97F6C00402250 /* UIKit.framework */; };
		E5494B6918A97F6C00402250 /* InfoPlist.strings in Resources */ = {isa = PBXBuildFile; fileRef = E5494B6718A97F6C00402250 /* InfoPlist.strings */; };
		E5494B6B18A97F6C00402250 /* AddContactsTests.m in Sources */ = {isa = PBXBuildFile; fileRef = E5494B6A18A97F6C00402250 /* AddContactsTests.m */; };
		E5494B7518A9823300402250 /* AddressBook.framework in Frameworks */ = {isa = PBXBuildFile; fileRef = E5494B7418A9823300402250 /* AddressBook.framework */; };
		E5494B7718A9823E00402250 /* AddressBookUI.framework in Frameworks */ = {isa = PBXBuildFile; fileRef = E5494B7618A9823E00402250 /* AddressBookUI.framework */; };
		E5494B7F18ADED7A00402250 /* yoda.png in Resources */ = {isa = PBXBuildFile; fileRef = E5494B7E18ADED7A00402250 /* yoda.png */; };
		E550A566192D235700EE8BB0 /* CoreVideo.framework in Frameworks */ = {isa = PBXBuildFile; fileRef = E550A565192D235700EE8BB0 /* CoreVideo.framework */; };
		E550A568192D235F00EE8BB0 /* CoreMedia.framework in Frameworks */ = {isa = PBXBuildFile; fileRef = E550A567192D235F00EE8BB0 /* CoreMedia.framework */; };
		E550A56A192D236700EE8BB0 /* AVFoundation.framework in Frameworks */ = {isa = PBXBuildFile; fileRef = E550A569192D236700EE8BB0 /* AVFoundation.framework */; };
		E550A56C192D2C8F00EE8BB0 /* Camcoder.png in Resources */ = {isa = PBXBuildFile; fileRef = E550A56B192D2C8F00EE8BB0 /* Camcoder.png */; };
		E59C583D18D0D6E300FF990C /* libOCMock.a in Frameworks */ = {isa = PBXBuildFile; fileRef = E59C583B18D0BC8200FF990C /* libOCMock.a */; };
		E5D0915F18FDD29200BD8A85 /* ALAssetMock.m in Sources */ = {isa = PBXBuildFile; fileRef = E5D0915818FDD29200BD8A85 /* ALAssetMock.m */; };
		E5D0916018FDD29200BD8A85 /* ALAssetRepresentationMock.m in Sources */ = {isa = PBXBuildFile; fileRef = E5D0915A18FDD29200BD8A85 /* ALAssetRepresentationMock.m */; };
		E5D0916118FDD29200BD8A85 /* ALAssetsGroupMock.m in Sources */ = {isa = PBXBuildFile; fileRef = E5D0915C18FDD29200BD8A85 /* ALAssetsGroupMock.m */; };
		E5D0916218FDD29200BD8A85 /* ALAssetsLibraryMock.m in Sources */ = {isa = PBXBuildFile; fileRef = E5D0915E18FDD29200BD8A85 /* ALAssetsLibraryMock.m */; };
		E5D0916618FEE7B700BD8A85 /* ALAssetsLibrary+LibraryHelper.m in Sources */ = {isa = PBXBuildFile; fileRef = E5D0916518FEE7B700BD8A85 /* ALAssetsLibrary+LibraryHelper.m */; };
		E5D0916918FF04A800BD8A85 /* AddVideosViewController.m in Sources */ = {isa = PBXBuildFile; fileRef = E5D0916818FF04A800BD8A85 /* AddVideosViewController.m */; };
		E5D24BCB18D0DB9900514A49 /* XCTest.framework in Frameworks */ = {isa = PBXBuildFile; fileRef = E5494B5E18A97F6C00402250 /* XCTest.framework */; };
		E5D24BCE18D0DF3800514A49 /* Main.storyboard in Resources */ = {isa = PBXBuildFile; fileRef = E5D24BCC18D0DF3800514A49 /* Main.storyboard */; };
		E5D24BD018D2039500514A49 /* AssetsLibrary.framework in Frameworks */ = {isa = PBXBuildFile; fileRef = E5D24BCF18D2039500514A49 /* AssetsLibrary.framework */; };
		E5D24BD118D2039C00514A49 /* AssetsLibrary.framework in Frameworks */ = {isa = PBXBuildFile; fileRef = E5D24BCF18D2039500514A49 /* AssetsLibrary.framework */; };
		E5E0F3FF18CF6242006320AA /* 2c-info.png in Resources */ = {isa = PBXBuildFile; fileRef = E5E0F3FE18CF6242006320AA /* 2c-info.png */; };
		E5E0F40118CF624A006320AA /* iPhoto.png in Resources */ = {isa = PBXBuildFile; fileRef = E5E0F40018CF624A006320AA /* iPhoto.png */; };
		E5E0F41618CF812C006320AA /* AddImagesViewController.m in Sources */ = {isa = PBXBuildFile; fileRef = E5E0F41518CF812C006320AA /* AddImagesViewController.m */; };
		E5E0F41818CF865F006320AA /* AddImagesViewControllerTests.m in Sources */ = {isa = PBXBuildFile; fileRef = E5E0F41718CF865F006320AA /* AddImagesViewControllerTests.m */; };
/* End PBXBuildFile section */

/* Begin PBXContainerItemProxy section */
		E5494B6218A97F6C00402250 /* PBXContainerItemProxy */ = {
			isa = PBXContainerItemProxy;
			containerPortal = E5494B3418A97F6C00402250 /* Project object */;
			proxyType = 1;
			remoteGlobalIDString = E5494B3B18A97F6C00402250;
			remoteInfo = AddContacts;
		};
/* End PBXContainerItemProxy section */

/* Begin PBXFileReference section */
		D480465F19251FCC00557A4F /* ImageManager.h */ = {isa = PBXFileReference; fileEncoding = 4; lastKnownFileType = sourcecode.c.h; path = ImageManager.h; sourceTree = "<group>"; };
		D480466019251FCC00557A4F /* ImageManager.m */ = {isa = PBXFileReference; fileEncoding = 4; lastKnownFileType = sourcecode.c.objc; path = ImageManager.m; sourceTree = "<group>"; };
		D4FFAC821926655C00FD496F /* base_image.jpg */ = {isa = PBXFileReference; lastKnownFileType = image.jpeg; path = base_image.jpg; sourceTree = "<group>"; };
		E5223E82191AB300005E8476 /* FeatureAPI.h */ = {isa = PBXFileReference; fileEncoding = 4; lastKnownFileType = sourcecode.c.h; path = FeatureAPI.h; sourceTree = "<group>"; };
		E5223E83191AB300005E8476 /* FeatureAPI.m */ = {isa = PBXFileReference; fileEncoding = 4; lastKnownFileType = sourcecode.c.objc; path = FeatureAPI.m; sourceTree = "<group>"; };
		E5223E88191AB345005E8476 /* AddVideosModel.h */ = {isa = PBXFileReference; fileEncoding = 4; lastKnownFileType = sourcecode.c.h; path = AddVideosModel.h; sourceTree = "<group>"; };
		E5223E89191AB345005E8476 /* AddVideosModel.m */ = {isa = PBXFileReference; fileEncoding = 4; lastKnownFileType = sourcecode.c.objc; path = AddVideosModel.m; sourceTree = "<group>"; };
		E5223E8B191AB355005E8476 /* AddContactsModel.h */ = {isa = PBXFileReference; fileEncoding = 4; lastKnownFileType = sourcecode.c.h; path = AddContactsModel.h; sourceTree = "<group>"; };
		E5223E8C191AB355005E8476 /* AddContactsModel.m */ = {isa = PBXFileReference; fileEncoding = 4; lastKnownFileType = sourcecode.c.objc; path = AddContactsModel.m; sourceTree = "<group>"; };
		E5494B3C18A97F6C00402250 /* AddContacts.app */ = {isa = PBXFileReference; explicitFileType = wrapper.application; includeInIndex = 0; path = AddContacts.app; sourceTree = BUILT_PRODUCTS_DIR; };
		E5494B3F18A97F6C00402250 /* Foundation.framework */ = {isa = PBXFileReference; lastKnownFileType = wrapper.framework; name = Foundation.framework; path = System/Library/Frameworks/Foundation.framework; sourceTree = SDKROOT; };
		E5494B4118A97F6C00402250 /* CoreGraphics.framework */ = {isa = PBXFileReference; lastKnownFileType = wrapper.framework; name = CoreGraphics.framework; path = System/Library/Frameworks/CoreGraphics.framework; sourceTree = SDKROOT; };
		E5494B4318A97F6C00402250 /* UIKit.framework */ = {isa = PBXFileReference; lastKnownFileType = wrapper.framework; name = UIKit.framework; path = System/Library/Frameworks/UIKit.framework; sourceTree = SDKROOT; };
		E5494B4718A97F6C00402250 /* AddContacts-Info.plist */ = {isa = PBXFileReference; lastKnownFileType = text.plist.xml; path = "AddContacts-Info.plist"; sourceTree = "<group>"; };
		E5494B4918A97F6C00402250 /* en */ = {isa = PBXFileReference; lastKnownFileType = text.plist.strings; name = en; path = en.lproj/InfoPlist.strings; sourceTree = "<group>"; };
		E5494B4B18A97F6C00402250 /* main.m */ = {isa = PBXFileReference; lastKnownFileType = sourcecode.c.objc; path = main.m; sourceTree = "<group>"; };
		E5494B4D18A97F6C00402250 /* AddContacts-Prefix.pch */ = {isa = PBXFileReference; lastKnownFileType = sourcecode.c.h; path = "AddContacts-Prefix.pch"; sourceTree = "<group>"; };
		E5494B4E18A97F6C00402250 /* AppDelegate.h */ = {isa = PBXFileReference; lastKnownFileType = sourcecode.c.h; path = AppDelegate.h; sourceTree = "<group>"; };
		E5494B4F18A97F6C00402250 /* AppDelegate.m */ = {isa = PBXFileReference; lastKnownFileType = sourcecode.c.objc; path = AppDelegate.m; sourceTree = "<group>"; };
		E5494B5418A97F6C00402250 /* AddContactsViewController.h */ = {isa = PBXFileReference; lastKnownFileType = sourcecode.c.h; path = AddContactsViewController.h; sourceTree = "<group>"; };
		E5494B5518A97F6C00402250 /* AddContactsViewController.m */ = {isa = PBXFileReference; lastKnownFileType = sourcecode.c.objc; path = AddContactsViewController.m; sourceTree = "<group>"; };
		E5494B5718A97F6C00402250 /* Images.xcassets */ = {isa = PBXFileReference; lastKnownFileType = folder.assetcatalog; path = Images.xcassets; sourceTree = "<group>"; };
		E5494B5D18A97F6C00402250 /* AddContactsTests.xctest */ = {isa = PBXFileReference; explicitFileType = wrapper.cfbundle; includeInIndex = 0; path = AddContactsTests.xctest; sourceTree = BUILT_PRODUCTS_DIR; };
		E5494B5E18A97F6C00402250 /* XCTest.framework */ = {isa = PBXFileReference; lastKnownFileType = wrapper.framework; name = XCTest.framework; path = Library/Frameworks/XCTest.framework; sourceTree = DEVELOPER_DIR; };
		E5494B6618A97F6C00402250 /* AddContactsTests-Info.plist */ = {isa = PBXFileReference; lastKnownFileType = text.plist.xml; path = "AddContactsTests-Info.plist"; sourceTree = "<group>"; };
		E5494B6818A97F6C00402250 /* en */ = {isa = PBXFileReference; lastKnownFileType = text.plist.strings; name = en; path = en.lproj/InfoPlist.strings; sourceTree = "<group>"; };
		E5494B6A18A97F6C00402250 /* AddContactsTests.m */ = {isa = PBXFileReference; lastKnownFileType = sourcecode.c.objc; path = AddContactsTests.m; sourceTree = "<group>"; };
		E5494B7418A9823300402250 /* AddressBook.framework */ = {isa = PBXFileReference; lastKnownFileType = wrapper.framework; name = AddressBook.framework; path = System/Library/Frameworks/AddressBook.framework; sourceTree = SDKROOT; };
		E5494B7618A9823E00402250 /* AddressBookUI.framework */ = {isa = PBXFileReference; lastKnownFileType = wrapper.framework; name = AddressBookUI.framework; path = System/Library/Frameworks/AddressBookUI.framework; sourceTree = SDKROOT; };
		E5494B7E18ADED7A00402250 /* yoda.png */ = {isa = PBXFileReference; lastKnownFileType = image.png; path = yoda.png; sourceTree = "<group>"; };
		E550A565192D235700EE8BB0 /* CoreVideo.framework */ = {isa = PBXFileReference; lastKnownFileType = wrapper.framework; name = CoreVideo.framework; path = System/Library/Frameworks/CoreVideo.framework; sourceTree = SDKROOT; };
		E550A567192D235F00EE8BB0 /* CoreMedia.framework */ = {isa = PBXFileReference; lastKnownFileType = wrapper.framework; name = CoreMedia.framework; path = System/Library/Frameworks/CoreMedia.framework; sourceTree = SDKROOT; };
		E550A569192D236700EE8BB0 /* AVFoundation.framework */ = {isa = PBXFileReference; lastKnownFileType = wrapper.framework; name = AVFoundation.framework; path = System/Library/Frameworks/AVFoundation.framework; sourceTree = SDKROOT; };
		E550A56B192D2C8F00EE8BB0 /* Camcoder.png */ = {isa = PBXFileReference; lastKnownFileType = image.png; path = Camcoder.png; sourceTree = "<group>"; };
		E59C583B18D0BC8200FF990C /* libOCMock.a */ = {isa = PBXFileReference; lastKnownFileType = archive.ar; name = libOCMock.a; path = OCMock/library/libOCMock.a; sourceTree = "<group>"; };
		E5D0915718FDD29200BD8A85 /* ALAssetMock.h */ = {isa = PBXFileReference; fileEncoding = 4; lastKnownFileType = sourcecode.c.h; path = ALAssetMock.h; sourceTree = "<group>"; };
		E5D0915818FDD29200BD8A85 /* ALAssetMock.m */ = {isa = PBXFileReference; fileEncoding = 4; lastKnownFileType = sourcecode.c.objc; path = ALAssetMock.m; sourceTree = "<group>"; };
		E5D0915918FDD29200BD8A85 /* ALAssetRepresentationMock.h */ = {isa = PBXFileReference; fileEncoding = 4; lastKnownFileType = sourcecode.c.h; path = ALAssetRepresentationMock.h; sourceTree = "<group>"; };
		E5D0915A18FDD29200BD8A85 /* ALAssetRepresentationMock.m */ = {isa = PBXFileReference; fileEncoding = 4; lastKnownFileType = sourcecode.c.objc; path = ALAssetRepresentationMock.m; sourceTree = "<group>"; };
		E5D0915B18FDD29200BD8A85 /* ALAssetsGroupMock.h */ = {isa = PBXFileReference; fileEncoding = 4; lastKnownFileType = sourcecode.c.h; path = ALAssetsGroupMock.h; sourceTree = "<group>"; };
		E5D0915C18FDD29200BD8A85 /* ALAssetsGroupMock.m */ = {isa = PBXFileReference; fileEncoding = 4; lastKnownFileType = sourcecode.c.objc; path = ALAssetsGroupMock.m; sourceTree = "<group>"; };
		E5D0915D18FDD29200BD8A85 /* ALAssetsLibraryMock.h */ = {isa = PBXFileReference; fileEncoding = 4; lastKnownFileType = sourcecode.c.h; path = ALAssetsLibraryMock.h; sourceTree = "<group>"; };
		E5D0915E18FDD29200BD8A85 /* ALAssetsLibraryMock.m */ = {isa = PBXFileReference; fileEncoding = 4; lastKnownFileType = sourcecode.c.objc; path = ALAssetsLibraryMock.m; sourceTree = "<group>"; };
		E5D0916418FEE7B700BD8A85 /* ALAssetsLibrary+LibraryHelper.h */ = {isa = PBXFileReference; fileEncoding = 4; lastKnownFileType = sourcecode.c.h; path = "ALAssetsLibrary+LibraryHelper.h"; sourceTree = "<group>"; };
		E5D0916518FEE7B700BD8A85 /* ALAssetsLibrary+LibraryHelper.m */ = {isa = PBXFileReference; fileEncoding = 4; lastKnownFileType = sourcecode.c.objc; path = "ALAssetsLibrary+LibraryHelper.m"; sourceTree = "<group>"; };
		E5D0916718FF04A800BD8A85 /* AddVideosViewController.h */ = {isa = PBXFileReference; fileEncoding = 4; lastKnownFileType = sourcecode.c.h; path = AddVideosViewController.h; sourceTree = "<group>"; };
		E5D0916818FF04A800BD8A85 /* AddVideosViewController.m */ = {isa = PBXFileReference; fileEncoding = 4; lastKnownFileType = sourcecode.c.objc; path = AddVideosViewController.m; sourceTree = "<group>"; };
		E5D24BCD18D0DF3800514A49 /* Base */ = {isa = PBXFileReference; lastKnownFileType = file.storyboard; name = Base; path = Base.lproj/Main.storyboard; sourceTree = "<group>"; };
		E5D24BCF18D2039500514A49 /* AssetsLibrary.framework */ = {isa = PBXFileReference; lastKnownFileType = wrapper.framework; name = AssetsLibrary.framework; path = System/Library/Frameworks/AssetsLibrary.framework; sourceTree = SDKROOT; };
		E5E0F3FE18CF6242006320AA /* 2c-info.png */ = {isa = PBXFileReference; lastKnownFileType = image.png; path = "2c-info.png"; sourceTree = "<group>"; };
		E5E0F40018CF624A006320AA /* iPhoto.png */ = {isa = PBXFileReference; lastKnownFileType = image.png; path = iPhoto.png; sourceTree = "<group>"; };
		E5E0F41418CF812C006320AA /* AddImagesViewController.h */ = {isa = PBXFileReference; fileEncoding = 4; lastKnownFileType = sourcecode.c.h; path = AddImagesViewController.h; sourceTree = "<group>"; };
		E5E0F41518CF812C006320AA /* AddImagesViewController.m */ = {isa = PBXFileReference; fileEncoding = 4; lastKnownFileType = sourcecode.c.objc; path = AddImagesViewController.m; sourceTree = "<group>"; };
		E5E0F41718CF865F006320AA /* AddImagesViewControllerTests.m */ = {isa = PBXFileReference; fileEncoding = 4; lastKnownFileType = sourcecode.c.objc; path = AddImagesViewControllerTests.m; sourceTree = "<group>"; };
/* End PBXFileReference section */

/* Begin PBXFrameworksBuildPhase section */
		E5494B3918A97F6C00402250 /* Frameworks */ = {
			isa = PBXFrameworksBuildPhase;
			buildActionMask = 2147483647;
			files = (
				E550A56A192D236700EE8BB0 /* AVFoundation.framework in Frameworks */,
				E550A568192D235F00EE8BB0 /* CoreMedia.framework in Frameworks */,
				E550A566192D235700EE8BB0 /* CoreVideo.framework in Frameworks */,
				E5D24BD018D2039500514A49 /* AssetsLibrary.framework in Frameworks */,
				E5494B7718A9823E00402250 /* AddressBookUI.framework in Frameworks */,
				E5494B7518A9823300402250 /* AddressBook.framework in Frameworks */,
				E5494B4218A97F6C00402250 /* CoreGraphics.framework in Frameworks */,
				E5494B4418A97F6C00402250 /* UIKit.framework in Frameworks */,
				E5494B4018A97F6C00402250 /* Foundation.framework in Frameworks */,
			);
			runOnlyForDeploymentPostprocessing = 0;
		};
		E5494B5A18A97F6C00402250 /* Frameworks */ = {
			isa = PBXFrameworksBuildPhase;
			buildActionMask = 2147483647;
			files = (
				E5D24BD118D2039C00514A49 /* AssetsLibrary.framework in Frameworks */,
				E5D24BCB18D0DB9900514A49 /* XCTest.framework in Frameworks */,
				E59C583D18D0D6E300FF990C /* libOCMock.a in Frameworks */,
				E5494B6118A97F6C00402250 /* UIKit.framework in Frameworks */,
				E5494B6018A97F6C00402250 /* Foundation.framework in Frameworks */,
			);
			runOnlyForDeploymentPostprocessing = 0;
		};
/* End PBXFrameworksBuildPhase section */

/* Begin PBXGroup section */
		D480465E19251FAD00557A4F /* ImageHelpers */ = {
			isa = PBXGroup;
			children = (
				D480465F19251FCC00557A4F /* ImageManager.h */,
				D480466019251FCC00557A4F /* ImageManager.m */,
			);
			name = ImageHelpers;
			sourceTree = "<group>";
		};
		E5223E80191AB2C3005E8476 /* API */ = {
			isa = PBXGroup;
			children = (
				E5223E82191AB300005E8476 /* FeatureAPI.h */,
				E5223E83191AB300005E8476 /* FeatureAPI.m */,
			);
			name = API;
			sourceTree = "<group>";
		};
		E5223E81191AB2CE005E8476 /* Model */ = {
			isa = PBXGroup;
			children = (
				E5D0916318FEE77D00BD8A85 /* Library_Helpers */,
				E5223E88191AB345005E8476 /* AddVideosModel.h */,
				E5223E89191AB345005E8476 /* AddVideosModel.m */,
				E5223E8B191AB355005E8476 /* AddContactsModel.h */,
				E5223E8C191AB355005E8476 /* AddContactsModel.m */,
			);
			name = Model;
			sourceTree = "<group>";
		};
		E5494B3318A97F6C00402250 = {
			isa = PBXGroup;
			children = (
				E5494B4518A97F6C00402250 /* AddContacts */,
				E5494B6418A97F6C00402250 /* AddContactsTests */,
				E5494B3E18A97F6C00402250 /* Frameworks */,
				E5494B3D18A97F6C00402250 /* Products */,
			);
			sourceTree = "<group>";
		};
		E5494B3D18A97F6C00402250 /* Products */ = {
			isa = PBXGroup;
			children = (
				E5494B3C18A97F6C00402250 /* AddContacts.app */,
				E5494B5D18A97F6C00402250 /* AddContactsTests.xctest */,
			);
			name = Products;
			sourceTree = "<group>";
		};
		E5494B3E18A97F6C00402250 /* Frameworks */ = {
			isa = PBXGroup;
			children = (
				E550A569192D236700EE8BB0 /* AVFoundation.framework */,
				E550A567192D235F00EE8BB0 /* CoreMedia.framework */,
				E550A565192D235700EE8BB0 /* CoreVideo.framework */,
				E5D24BCF18D2039500514A49 /* AssetsLibrary.framework */,
				E59C583B18D0BC8200FF990C /* libOCMock.a */,
				E5494B7618A9823E00402250 /* AddressBookUI.framework */,
				E5494B7418A9823300402250 /* AddressBook.framework */,
				E5494B3F18A97F6C00402250 /* Foundation.framework */,
				E5494B4118A97F6C00402250 /* CoreGraphics.framework */,
				E5494B4318A97F6C00402250 /* UIKit.framework */,
				E5494B5E18A97F6C00402250 /* XCTest.framework */,
			);
			name = Frameworks;
			sourceTree = "<group>";
		};
		E5494B4518A97F6C00402250 /* AddContacts */ = {
			isa = PBXGroup;
			children = (
				D480465E19251FAD00557A4F /* ImageHelpers */,
				E5223E81191AB2CE005E8476 /* Model */,
				E5223E80191AB2C3005E8476 /* API */,
				E5E0F3FE18CF6242006320AA /* 2c-info.png */,
				E5E0F41418CF812C006320AA /* AddImagesViewController.h */,
				E5E0F41518CF812C006320AA /* AddImagesViewController.m */,
				E5494B5418A97F6C00402250 /* AddContactsViewController.h */,
				E5494B5518A97F6C00402250 /* AddContactsViewController.m */,
				E5D0916718FF04A800BD8A85 /* AddVideosViewController.h */,
				E5D0916818FF04A800BD8A85 /* AddVideosViewController.m */,
				E5494B4E18A97F6C00402250 /* AppDelegate.h */,
				E5494B4F18A97F6C00402250 /* AppDelegate.m */,
				E5494B5718A97F6C00402250 /* Images.xcassets */,
				E5D24BCC18D0DF3800514A49 /* Main.storyboard */,
				E5494B4618A97F6C00402250 /* Supporting Files */,
				E5E0F40018CF624A006320AA /* iPhoto.png */,
				E550A56B192D2C8F00EE8BB0 /* Camcoder.png */,
				D4FFAC821926655C00FD496F /* base_image.jpg */,
				E5494B7E18ADED7A00402250 /* yoda.png */,
			);
			path = AddContacts;
			sourceTree = "<group>";
		};
		E5494B4618A97F6C00402250 /* Supporting Files */ = {
			isa = PBXGroup;
			children = (
				E5494B4718A97F6C00402250 /* AddContacts-Info.plist */,
				E5494B4818A97F6C00402250 /* InfoPlist.strings */,
				E5494B4B18A97F6C00402250 /* main.m */,
				E5494B4D18A97F6C00402250 /* AddContacts-Prefix.pch */,
			);
			name = "Supporting Files";
			sourceTree = "<group>";
		};
		E5494B6418A97F6C00402250 /* AddContactsTests */ = {
			isa = PBXGroup;
			children = (
				E5D0915618FDD1B100BD8A85 /* Mock */,
				E5E0F41718CF865F006320AA /* AddImagesViewControllerTests.m */,
				E5494B6A18A97F6C00402250 /* AddContactsTests.m */,
				E5494B6518A97F6C00402250 /* Supporting Files */,
			);
			path = AddContactsTests;
			sourceTree = "<group>";
		};
		E5494B6518A97F6C00402250 /* Supporting Files */ = {
			isa = PBXGroup;
			children = (
				E5494B6618A97F6C00402250 /* AddContactsTests-Info.plist */,
				E5494B6718A97F6C00402250 /* InfoPlist.strings */,
			);
			name = "Supporting Files";
			sourceTree = "<group>";
		};
		E5D0915618FDD1B100BD8A85 /* Mock */ = {
			isa = PBXGroup;
			children = (
				E5D0915718FDD29200BD8A85 /* ALAssetMock.h */,
				E5D0915818FDD29200BD8A85 /* ALAssetMock.m */,
				E5D0915918FDD29200BD8A85 /* ALAssetRepresentationMock.h */,
				E5D0915A18FDD29200BD8A85 /* ALAssetRepresentationMock.m */,
				E5D0915B18FDD29200BD8A85 /* ALAssetsGroupMock.h */,
				E5D0915C18FDD29200BD8A85 /* ALAssetsGroupMock.m */,
				E5D0915D18FDD29200BD8A85 /* ALAssetsLibraryMock.h */,
				E5D0915E18FDD29200BD8A85 /* ALAssetsLibraryMock.m */,
			);
			name = Mock;
			sourceTree = "<group>";
		};
		E5D0916318FEE77D00BD8A85 /* Library_Helpers */ = {
			isa = PBXGroup;
			children = (
				E5D0916418FEE7B700BD8A85 /* ALAssetsLibrary+LibraryHelper.h */,
				E5D0916518FEE7B700BD8A85 /* ALAssetsLibrary+LibraryHelper.m */,
			);
			name = Library_Helpers;
			sourceTree = "<group>";
		};
/* End PBXGroup section */

/* Begin PBXNativeTarget section */
		E5494B3B18A97F6C00402250 /* AddContacts */ = {
			isa = PBXNativeTarget;
			buildConfigurationList = E5494B6E18A97F6C00402250 /* Build configuration list for PBXNativeTarget "AddContacts" */;
			buildPhases = (
				E5494B3818A97F6C00402250 /* Sources */,
				E5494B3918A97F6C00402250 /* Frameworks */,
				E5494B3A18A97F6C00402250 /* Resources */,
			);
			buildRules = (
			);
			dependencies = (
			);
			name = AddContacts;
			productName = AddContacts;
			productReference = E5494B3C18A97F6C00402250 /* AddContacts.app */;
			productType = "com.apple.product-type.application";
		};
		E5494B5C18A97F6C00402250 /* AddContactsTests */ = {
			isa = PBXNativeTarget;
			buildConfigurationList = E5494B7118A97F6C00402250 /* Build configuration list for PBXNativeTarget "AddContactsTests" */;
			buildPhases = (
				E5494B5918A97F6C00402250 /* Sources */,
				E5494B5A18A97F6C00402250 /* Frameworks */,
				E5494B5B18A97F6C00402250 /* Resources */,
			);
			buildRules = (
			);
			dependencies = (
				E5494B6318A97F6C00402250 /* PBXTargetDependency */,
			);
			name = AddContactsTests;
			productName = AddContactsTests;
			productReference = E5494B5D18A97F6C00402250 /* AddContactsTests.xctest */;
			productType = "com.apple.product-type.bundle.unit-test";
		};
/* End PBXNativeTarget section */

/* Begin PBXProject section */
		E5494B3418A97F6C00402250 /* Project object */ = {
			isa = PBXProject;
			attributes = {
				LastUpgradeCheck = 0510;
				ORGANIZATIONNAME = "Jason Bandy";
				TargetAttributes = {
					E5494B3B18A97F6C00402250 = {
						DevelopmentTeam = XAC7663X7J;
					};
					E5494B5C18A97F6C00402250 = {
						TestTargetID = E5494B3B18A97F6C00402250;
					};
				};
			};
			buildConfigurationList = E5494B3718A97F6C00402250 /* Build configuration list for PBXProject "AddContacts" */;
			compatibilityVersion = "Xcode 3.2";
			developmentRegion = English;
			hasScannedForEncodings = 0;
			knownRegions = (
				en,
				Base,
			);
			mainGroup = E5494B3318A97F6C00402250;
			productRefGroup = E5494B3D18A97F6C00402250 /* Products */;
			projectDirPath = "";
			projectRoot = "";
			targets = (
				E5494B3B18A97F6C00402250 /* AddContacts */,
				E5494B5C18A97F6C00402250 /* AddContactsTests */,
			);
		};
/* End PBXProject section */

/* Begin PBXResourcesBuildPhase section */
		E5494B3A18A97F6C00402250 /* Resources */ = {
			isa = PBXResourcesBuildPhase;
			buildActionMask = 2147483647;
			files = (
				E5494B7F18ADED7A00402250 /* yoda.png in Resources */,
				E5E0F3FF18CF6242006320AA /* 2c-info.png in Resources */,
				E5494B5818A97F6C00402250 /* Images.xcassets in Resources */,
				E5D24BCE18D0DF3800514A49 /* Main.storyboard in Resources */,
				E5494B4A18A97F6C00402250 /* InfoPlist.strings in Resources */,
				E550A56C192D2C8F00EE8BB0 /* Camcoder.png in Resources */,
				D4FFAC831926655C00FD496F /* base_image.jpg in Resources */,
				E5E0F40118CF624A006320AA /* iPhoto.png in Resources */,
			);
			runOnlyForDeploymentPostprocessing = 0;
		};
		E5494B5B18A97F6C00402250 /* Resources */ = {
			isa = PBXResourcesBuildPhase;
			buildActionMask = 2147483647;
			files = (
				E5494B6918A97F6C00402250 /* InfoPlist.strings in Resources */,
			);
			runOnlyForDeploymentPostprocessing = 0;
		};
/* End PBXResourcesBuildPhase section */

/* Begin PBXSourcesBuildPhase section */
		E5494B3818A97F6C00402250 /* Sources */ = {
			isa = PBXSourcesBuildPhase;
			buildActionMask = 2147483647;
			files = (
				D480466119251FCC00557A4F /* ImageManager.m in Sources */,
				E5223E8D191AB355005E8476 /* AddContactsModel.m in Sources */,
				E5494B5618A97F6C00402250 /* AddContactsViewController.m in Sources */,
				E5223E8A191AB345005E8476 /* AddVideosModel.m in Sources */,
				E5223E84191AB300005E8476 /* FeatureAPI.m in Sources */,
				E5494B5018A97F6C00402250 /* AppDelegate.m in Sources */,
				E5494B4C18A97F6C00402250 /* main.m in Sources */,
				E5E0F41618CF812C006320AA /* AddImagesViewController.m in Sources */,
				E5D0916918FF04A800BD8A85 /* AddVideosViewController.m in Sources */,
				E5D0916618FEE7B700BD8A85 /* ALAssetsLibrary+LibraryHelper.m in Sources */,
			);
			runOnlyForDeploymentPostprocessing = 0;
		};
		E5494B5918A97F6C00402250 /* Sources */ = {
			isa = PBXSourcesBuildPhase;
			buildActionMask = 2147483647;
			files = (
				E5D0916018FDD29200BD8A85 /* ALAssetRepresentationMock.m in Sources */,
				E5D0916218FDD29200BD8A85 /* ALAssetsLibraryMock.m in Sources */,
				E5D0915F18FDD29200BD8A85 /* ALAssetMock.m in Sources */,
				E5494B6B18A97F6C00402250 /* AddContactsTests.m in Sources */,
				E5D0916118FDD29200BD8A85 /* ALAssetsGroupMock.m in Sources */,
				E5E0F41818CF865F006320AA /* AddImagesViewControllerTests.m in Sources */,
			);
			runOnlyForDeploymentPostprocessing = 0;
		};
/* End PBXSourcesBuildPhase section */

/* Begin PBXTargetDependency section */
		E5494B6318A97F6C00402250 /* PBXTargetDependency */ = {
			isa = PBXTargetDependency;
			target = E5494B3B18A97F6C00402250 /* AddContacts */;
			targetProxy = E5494B6218A97F6C00402250 /* PBXContainerItemProxy */;
		};
/* End PBXTargetDependency section */

/* Begin PBXVariantGroup section */
		E5494B4818A97F6C00402250 /* InfoPlist.strings */ = {
			isa = PBXVariantGroup;
			children = (
				E5494B4918A97F6C00402250 /* en */,
			);
			name = InfoPlist.strings;
			sourceTree = "<group>";
		};
		E5494B6718A97F6C00402250 /* InfoPlist.strings */ = {
			isa = PBXVariantGroup;
			children = (
				E5494B6818A97F6C00402250 /* en */,
			);
			name = InfoPlist.strings;
			sourceTree = "<group>";
		};
		E5D24BCC18D0DF3800514A49 /* Main.storyboard */ = {
			isa = PBXVariantGroup;
			children = (
				E5D24BCD18D0DF3800514A49 /* Base */,
			);
			name = Main.storyboard;
			sourceTree = "<group>";
		};
/* End PBXVariantGroup section */

/* Begin XCBuildConfiguration section */
		E5494B6C18A97F6C00402250 /* Debug */ = {
			isa = XCBuildConfiguration;
			buildSettings = {
				ALWAYS_SEARCH_USER_PATHS = NO;
				CLANG_CXX_LANGUAGE_STANDARD = "compiler-default";
				CLANG_CXX_LIBRARY = "compiler-default";
				CLANG_ENABLE_MODULES = NO;
				CLANG_ENABLE_OBJC_ARC = YES;
				CLANG_WARN_BOOL_CONVERSION = YES;
				CLANG_WARN_CONSTANT_CONVERSION = YES;
				CLANG_WARN_DIRECT_OBJC_ISA_USAGE = YES;
				CLANG_WARN_EMPTY_BODY = YES;
				CLANG_WARN_ENUM_CONVERSION = YES;
				CLANG_WARN_INT_CONVERSION = YES;
				CLANG_WARN_OBJC_ROOT_CLASS = YES;
				CLANG_WARN__DUPLICATE_METHOD_MATCH = YES;
				CODE_SIGN_IDENTITY = "iPhone Distribution: Asurion Insurance Services, Inc.";
				"CODE_SIGN_IDENTITY[sdk=iphoneos*]" = "iPhone Developer";
				COPY_PHASE_STRIP = NO;
				GCC_C_LANGUAGE_STANDARD = gnu99;
				GCC_DYNAMIC_NO_PIC = NO;
				GCC_OPTIMIZATION_LEVEL = 0;
				GCC_PREPROCESSOR_DEFINITIONS = (
					"DEBUG=1",
					"$(inherited)",
				);
				GCC_SYMBOLS_PRIVATE_EXTERN = NO;
				GCC_TREAT_WARNINGS_AS_ERRORS = YES;
				GCC_VERSION = com.apple.compilers.llvm.clang.1_0;
				GCC_WARN_64_TO_32_BIT_CONVERSION = YES;
				GCC_WARN_ABOUT_MISSING_PROTOTYPES = YES;
				GCC_WARN_ABOUT_RETURN_TYPE = YES;
				GCC_WARN_UNDECLARED_SELECTOR = YES;
				GCC_WARN_UNINITIALIZED_AUTOS = YES;
				GCC_WARN_UNUSED_FUNCTION = YES;
				GCC_WARN_UNUSED_VARIABLE = NO;
				IPHONEOS_DEPLOYMENT_TARGET = 7.0;
				ONLY_ACTIVE_ARCH = YES;
				OTHER_LDFLAGS = "-ObjC";
				SDKROOT = iphoneos;
			};
			name = Debug;
		};
		E5494B6D18A97F6C00402250 /* Release */ = {
			isa = XCBuildConfiguration;
			buildSettings = {
				ALWAYS_SEARCH_USER_PATHS = NO;
				CLANG_CXX_LANGUAGE_STANDARD = "compiler-default";
				CLANG_CXX_LIBRARY = "compiler-default";
				CLANG_ENABLE_MODULES = NO;
				CLANG_ENABLE_OBJC_ARC = YES;
				CLANG_WARN_BOOL_CONVERSION = YES;
				CLANG_WARN_CONSTANT_CONVERSION = YES;
				CLANG_WARN_DIRECT_OBJC_ISA_USAGE = YES;
				CLANG_WARN_EMPTY_BODY = YES;
				CLANG_WARN_ENUM_CONVERSION = YES;
				CLANG_WARN_INT_CONVERSION = YES;
				CLANG_WARN_OBJC_ROOT_CLASS = YES;
				CLANG_WARN__DUPLICATE_METHOD_MATCH = YES;
				CODE_SIGN_IDENTITY = "iPhone Distribution: Asurion Insurance Services, Inc.";
				"CODE_SIGN_IDENTITY[sdk=iphoneos*]" = "iPhone Distribution: Asurion Insurance Services, Inc.";
				COPY_PHASE_STRIP = YES;
				ENABLE_NS_ASSERTIONS = YES;
				GCC_C_LANGUAGE_STANDARD = gnu99;
				GCC_TREAT_WARNINGS_AS_ERRORS = YES;
				GCC_VERSION = com.apple.compilers.llvm.clang.1_0;
				GCC_WARN_64_TO_32_BIT_CONVERSION = YES;
				GCC_WARN_ABOUT_MISSING_PROTOTYPES = YES;
				GCC_WARN_ABOUT_RETURN_TYPE = YES;
				GCC_WARN_UNDECLARED_SELECTOR = YES;
				GCC_WARN_UNINITIALIZED_AUTOS = YES;
				GCC_WARN_UNUSED_FUNCTION = YES;
				GCC_WARN_UNUSED_VARIABLE = NO;
				IPHONEOS_DEPLOYMENT_TARGET = 7.0;
				OTHER_LDFLAGS = "-ObjC";
				SDKROOT = iphoneos;
				VALIDATE_PRODUCT = YES;
			};
			name = Release;
		};
		E5494B6F18A97F6C00402250 /* Debug */ = {
			isa = XCBuildConfiguration;
			buildSettings = {
				ASSETCATALOG_COMPILER_APPICON_NAME = AppIcon;
				ASSETCATALOG_COMPILER_LAUNCHIMAGE_NAME = LaunchImage;
				CODE_SIGN_IDENTITY = "iPhone Developer";
				"CODE_SIGN_IDENTITY[sdk=iphoneos*]" = "iPhone Developer";
				FRAMEWORK_SEARCH_PATHS = "$(inherited)";
				GCC_PRECOMPILE_PREFIX_HEADER = YES;
				GCC_PREFIX_HEADER = "AddContacts/AddContacts-Prefix.pch";
				GCC_VERSION = com.apple.compilers.llvm.clang.1_0;
				INFOPLIST_FILE = "AddContacts/AddContacts-Info.plist";
				IPHONEOS_DEPLOYMENT_TARGET = 7.0;
				LIBRARY_SEARCH_PATHS = (
					"$(inherited)",
					"$(PROJECT_DIR)",
				);
				OTHER_LDFLAGS = "";
				PRODUCT_NAME = "$(TARGET_NAME)";
				PROVISIONING_PROFILE = "";
				VALID_ARCHS = "armv7 armv7s arm64";
				WRAPPER_EXTENSION = app;
			};
			name = Debug;
		};
		E5494B7018A97F6C00402250 /* Release */ = {
			isa = XCBuildConfiguration;
			buildSettings = {
				ASSETCATALOG_COMPILER_APPICON_NAME = AppIcon;
				ASSETCATALOG_COMPILER_LAUNCHIMAGE_NAME = LaunchImage;
				CODE_SIGN_IDENTITY = "iPhone Developer";
				"CODE_SIGN_IDENTITY[sdk=iphoneos*]" = "iPhone Developer";
				FRAMEWORK_SEARCH_PATHS = "$(inherited)";
				GCC_PRECOMPILE_PREFIX_HEADER = YES;
				GCC_PREFIX_HEADER = "AddContacts/AddContacts-Prefix.pch";
				GCC_VERSION = com.apple.compilers.llvm.clang.1_0;
				INFOPLIST_FILE = "AddContacts/AddContacts-Info.plist";
				IPHONEOS_DEPLOYMENT_TARGET = 7.0;
				LIBRARY_SEARCH_PATHS = (
					"$(inherited)",
					"$(PROJECT_DIR)",
				);
				OTHER_LDFLAGS = "";
				PRODUCT_NAME = "$(TARGET_NAME)";
				PROVISIONING_PROFILE = "";
				VALID_ARCHS = "armv7 armv7s arm64";
				WRAPPER_EXTENSION = app;
			};
			name = Release;
		};
		E5494B7218A97F6C00402250 /* Debug */ = {
			isa = XCBuildConfiguration;
			buildSettings = {
				BUNDLE_LOADER = "$(BUILT_PRODUCTS_DIR)/AddContacts.app/AddContacts";
				CODE_SIGN_IDENTITY = "iPhone Distribution";
				FRAMEWORK_SEARCH_PATHS = (
					"$(SDKROOT)/Developer/Library/Frameworks",
					"$(inherited)",
					"$(DEVELOPER_FRAMEWORKS_DIR)",
				);
				GCC_PRECOMPILE_PREFIX_HEADER = YES;
				GCC_PREFIX_HEADER = "AddContacts/AddContacts-Prefix.pch";
				GCC_PREPROCESSOR_DEFINITIONS = (
					"DEBUG=1",
					"$(inherited)",
				);
				GCC_VERSION = com.apple.compilers.llvm.clang.1_0;
				GENERATE_PKGINFO_FILE = NO;
				HEADER_SEARCH_PATHS = (
					"$(inherited)",
					/Applications/Xcode.app/Contents/Developer/Toolchains/XcodeDefault.xctoolchain/usr/include,
					"$(PROJECT_DIR)/OCMock/headers/**",
				);
				INFOPLIST_FILE = "AddContactsTests/AddContactsTests-Info.plist";
				IPHONEOS_DEPLOYMENT_TARGET = 5.1;
				LIBRARY_SEARCH_PATHS = "$(PROJECT_DIR)/OCMock/library";
				MACH_O_TYPE = mh_bundle;
				OTHER_LDFLAGS = (
					"-force_load",
					"\"$(SRCROOT)/OCMock/library/libOCMock.a\"",
					"-ObjC",
				);
				PRODUCT_NAME = "$(TARGET_NAME)";
				TARGETED_DEVICE_FAMILY = "1,2";
				TEST_HOST = "$(BUNDLE_LOADER)";
				VALID_ARCHS = "armv7 armv7s";
				WRAPPER_EXTENSION = xctest;
			};
			name = Debug;
		};
		E5494B7318A97F6C00402250 /* Release */ = {
			isa = XCBuildConfiguration;
			buildSettings = {
				BUNDLE_LOADER = "$(BUILT_PRODUCTS_DIR)/AddContacts.app/AddContacts";
				CODE_SIGN_IDENTITY = "iPhone Distribution";
				FRAMEWORK_SEARCH_PATHS = (
					"$(SDKROOT)/Developer/Library/Frameworks",
					"$(inherited)",
					"$(DEVELOPER_FRAMEWORKS_DIR)",
				);
				GCC_PRECOMPILE_PREFIX_HEADER = YES;
				GCC_PREFIX_HEADER = "AddContacts/AddContacts-Prefix.pch";
				GCC_VERSION = com.apple.compilers.llvm.clang.1_0;
				GENERATE_PKGINFO_FILE = NO;
				HEADER_SEARCH_PATHS = (
					"$(inherited)",
					/Applications/Xcode.app/Contents/Developer/Toolchains/XcodeDefault.xctoolchain/usr/include,
					"$(PROJECT_DIR)/OCMock/headers/**",
				);
				INFOPLIST_FILE = "AddContactsTests/AddContactsTests-Info.plist";
				IPHONEOS_DEPLOYMENT_TARGET = 5.1;
				LIBRARY_SEARCH_PATHS = "$(PROJECT_DIR)/OCMock/library";
				MACH_O_TYPE = mh_bundle;
				OTHER_LDFLAGS = (
					"-force_load",
					"\"$(SRCROOT)/OCMock/library/libOCMock.a\"",
					"-ObjC",
				);
				PRODUCT_NAME = "$(TARGET_NAME)";
				TARGETED_DEVICE_FAMILY = "1,2";
				TEST_HOST = "$(BUNDLE_LOADER)";
				VALID_ARCHS = "armv7 armv7s";
				WRAPPER_EXTENSION = xctest;
			};
			name = Release;
		};
		E5494BE718B69C8B00402250 /* Debug_QA */ = {
			isa = XCBuildConfiguration;
			buildSettings = {
				ALWAYS_SEARCH_USER_PATHS = NO;
				CLANG_CXX_LANGUAGE_STANDARD = "compiler-default";
				CLANG_CXX_LIBRARY = "compiler-default";
				CLANG_ENABLE_MODULES = NO;
				CLANG_ENABLE_OBJC_ARC = YES;
				CLANG_WARN_BOOL_CONVERSION = YES;
				CLANG_WARN_CONSTANT_CONVERSION = YES;
				CLANG_WARN_DIRECT_OBJC_ISA_USAGE = YES;
				CLANG_WARN_EMPTY_BODY = YES;
				CLANG_WARN_ENUM_CONVERSION = YES;
				CLANG_WARN_INT_CONVERSION = YES;
				CLANG_WARN_OBJC_ROOT_CLASS = YES;
				CLANG_WARN__DUPLICATE_METHOD_MATCH = YES;
				CODE_SIGN_IDENTITY = "iPhone Distribution: Asurion Insurance Services, Inc.";
				"CODE_SIGN_IDENTITY[sdk=iphoneos*]" = "iPhone Distribution: Asurion Insurance Services, Inc.";
				COPY_PHASE_STRIP = NO;
				GCC_C_LANGUAGE_STANDARD = gnu99;
				GCC_DYNAMIC_NO_PIC = NO;
				GCC_OPTIMIZATION_LEVEL = 0;
				GCC_PREPROCESSOR_DEFINITIONS = (
					"DEBUG=1",
					"$(inherited)",
				);
				GCC_SYMBOLS_PRIVATE_EXTERN = NO;
				GCC_TREAT_WARNINGS_AS_ERRORS = YES;
				GCC_VERSION = com.apple.compilers.llvm.clang.1_0;
				GCC_WARN_64_TO_32_BIT_CONVERSION = YES;
				GCC_WARN_ABOUT_MISSING_PROTOTYPES = YES;
				GCC_WARN_ABOUT_RETURN_TYPE = YES;
				GCC_WARN_UNDECLARED_SELECTOR = YES;
				GCC_WARN_UNINITIALIZED_AUTOS = YES;
				GCC_WARN_UNUSED_FUNCTION = YES;
				GCC_WARN_UNUSED_VARIABLE = NO;
				IPHONEOS_DEPLOYMENT_TARGET = 7.0;
				ONLY_ACTIVE_ARCH = YES;
				OTHER_LDFLAGS = "-ObjC";
				SDKROOT = iphoneos;
			};
			name = Debug_QA;
		};
		E5494BE818B69C8B00402250 /* Debug_QA */ = {
			isa = XCBuildConfiguration;
			buildSettings = {
				ASSETCATALOG_COMPILER_APPICON_NAME = AppIcon;
				ASSETCATALOG_COMPILER_LAUNCHIMAGE_NAME = LaunchImage;
				CODE_SIGN_IDENTITY = "iPhone Developer";
				"CODE_SIGN_IDENTITY[sdk=iphoneos*]" = "iPhone Developer";
				FRAMEWORK_SEARCH_PATHS = "$(inherited)";
				GCC_PRECOMPILE_PREFIX_HEADER = YES;
				GCC_PREFIX_HEADER = "AddContacts/AddContacts-Prefix.pch";
				GCC_VERSION = com.apple.compilers.llvm.clang.1_0;
				INFOPLIST_FILE = "AddContacts/AddContacts-Info.plist";
				IPHONEOS_DEPLOYMENT_TARGET = 7.0;
				LIBRARY_SEARCH_PATHS = (
					"$(inherited)",
					"$(PROJECT_DIR)",
				);
				OTHER_LDFLAGS = "";
				PRODUCT_NAME = "$(TARGET_NAME)";
				PROVISIONING_PROFILE = "";
				VALID_ARCHS = "armv7 armv7s arm64";
				WRAPPER_EXTENSION = app;
			};
			name = Debug_QA;
		};
		E5494BE918B69C8B00402250 /* Debug_QA */ = {
			isa = XCBuildConfiguration;
			buildSettings = {
				BUNDLE_LOADER = "$(BUILT_PRODUCTS_DIR)/AddContacts.app/AddContacts";
				CODE_SIGN_IDENTITY = "iPhone Distribution";
				FRAMEWORK_SEARCH_PATHS = (
					"$(SDKROOT)/Developer/Library/Frameworks",
					"$(inherited)",
					"$(DEVELOPER_FRAMEWORKS_DIR)",
				);
				GCC_PRECOMPILE_PREFIX_HEADER = YES;
				GCC_PREFIX_HEADER = "AddContacts/AddContacts-Prefix.pch";
				GCC_PREPROCESSOR_DEFINITIONS = (
					"DEBUG=1",
					"$(inherited)",
				);
				GCC_VERSION = com.apple.compilers.llvm.clang.1_0;
				GENERATE_PKGINFO_FILE = NO;
				HEADER_SEARCH_PATHS = (
					"$(inherited)",
					/Applications/Xcode.app/Contents/Developer/Toolchains/XcodeDefault.xctoolchain/usr/include,
					"$(PROJECT_DIR)/OCMock/headers/**",
				);
				INFOPLIST_FILE = "AddContactsTests/AddContactsTests-Info.plist";
				IPHONEOS_DEPLOYMENT_TARGET = 5.1;
				LIBRARY_SEARCH_PATHS = "$(PROJECT_DIR)/OCMock/library";
				MACH_O_TYPE = mh_bundle;
				OTHER_LDFLAGS = (
					"-force_load",
					"\"$(SRCROOT)/OCMock/library/libOCMock.a\"",
					"-ObjC",
				);
				PRODUCT_NAME = "$(TARGET_NAME)";
				TARGETED_DEVICE_FAMILY = "1,2";
				TEST_HOST = "$(BUNDLE_LOADER)";
				VALID_ARCHS = "armv7 armv7s";
				WRAPPER_EXTENSION = xctest;
			};
			name = Debug_QA;
		};
/* End XCBuildConfiguration section */

/* Begin XCConfigurationList section */
		E5494B3718A97F6C00402250 /* Build configuration list for PBXProject "AddContacts" */ = {
			isa = XCConfigurationList;
			buildConfigurations = (
				E5494B6C18A97F6C00402250 /* Debug */,
				E5494BE718B69C8B00402250 /* Debug_QA */,
				E5494B6D18A97F6C00402250 /* Release */,
			);
			defaultConfigurationIsVisible = 0;
			defaultConfigurationName = Release;
		};
		E5494B6E18A97F6C00402250 /* Build configuration list for PBXNativeTarget "AddContacts" */ = {
			isa = XCConfigurationList;
			buildConfigurations = (
				E5494B6F18A97F6C00402250 /* Debug */,
				E5494BE818B69C8B00402250 /* Debug_QA */,
				E5494B7018A97F6C00402250 /* Release */,
			);
			defaultConfigurationIsVisible = 0;
			defaultConfigurationName = Release;
		};
		E5494B7118A97F6C00402250 /* Build configuration list for PBXNativeTarget "AddContactsTests" */ = {
			isa = XCConfigurationList;
			buildConfigurations = (
				E5494B7218A97F6C00402250 /* Debug */,
				E5494BE918B69C8B00402250 /* Debug_QA */,
				E5494B7318A97F6C00402250 /* Release */,
			);
			defaultConfigurationIsVisible = 0;
			defaultConfigurationName = Release;
		};
/* End XCConfigurationList section */
	};
	rootObject = E5494B3418A97F6C00402250 /* Project object */;
}
